{
  "nodes": {
    "fenix": {
      "inputs": {
        "naersk": "naersk",
        "nixpkgs": [
          "nixpkgs"
        ],
        "rust-analyzer-src": "rust-analyzer-src"
      },
      "locked": {
        "lastModified": 1620355333,
        "narHash": "sha256-NpmVOlMZ7Zwj5coEWJXLaWmYILS4TkP1/YlFkqVb9So=",
        "owner": "figsoda",
        "repo": "fenix",
        "rev": "40f7719c20117670a5bf39b1a30737bb3b918bb7",
        "type": "github"
      },
      "original": {
        "owner": "figsoda",
        "repo": "fenix",
        "type": "github"
      }
    },
    "flake-utils": {
      "locked": {
        "lastModified": 1619345332,
        "narHash": "sha256-qHnQkEp1uklKTpx3MvKtY6xzgcqXDsz5nLilbbuL+3A=",
        "owner": "numtide",
        "repo": "flake-utils",
        "rev": "2ebf2558e5bf978c7fb8ea927dfaed8fefab2e28",
        "type": "github"
      },
      "original": {
        "owner": "numtide",
        "repo": "flake-utils",
        "type": "github"
      }
    },
    "naersk": {
      "inputs": {
        "nixpkgs": [
          "nixpkgs"
        ]
      },
      "locked": {
        "lastModified": 1620316130,
        "narHash": "sha256-sU0VS5oJS1FsHsZsLELAXc7G2eIelVuucRw+q5B1x9k=",
        "owner": "nmattia",
        "repo": "naersk",
        "rev": "a3f40fe42cc6d267ff7518fa3199e99ff1444ac4",
        "type": "github"
      },
      "original": {
        "owner": "nmattia",
        "repo": "naersk",
        "type": "github"
      }
    },
    "nixpkgs": {
      "locked": {
        "lastModified": 1620374106,
        "narHash": "sha256-1v3hj48aGu6pQZEW/nC/JIi+S1oUL3pJwCAyi4GLXNQ=",
        "owner": "NixOS",
        "repo": "nixpkgs",
        "rev": "1c16013bd6e94da748b41cc123c6b509a23eb440",
        "type": "github"
      },
      "original": {
        "owner": "NixOS",
        "ref": "nixpkgs-unstable",
        "repo": "nixpkgs",
        "type": "github"
      }
    },
    "root": {
      "inputs": {
        "fenix": "fenix",
        "flake-utils": "flake-utils",
        "nixpkgs": "nixpkgs"
      }
    },
    "rust-analyzer-src": {
      "flake": false,
      "locked": {
        "lastModified": 1620249252,
        "narHash": "sha256-GntyddVJmwOTYWEexXhjrHzMem2QO0Zx94o3T2ALMGU=",
        "owner": "rust-analyzer",
        "repo": "rust-analyzer",
        "rev": "c3596371d841ebb949dc8b99acc3bc902e4d808a",
        "type": "github"
      },
      "original": {
        "owner": "rust-analyzer",
        "ref": "nightly",
        "repo": "rust-analyzer",
        "type": "github"
      }
    }
  },
  "root": "root",
  "version": 7
}
